
Microsoft Visual Studio Solution File, Format Version 12.00
# Visual Studio Version 16
VisualStudioVersion = 16.0.29613.14
MinimumVisualStudioVersion = 10.0.40219.1
Project("{9A19103F-16F7-4668-BE54-9A1E7A4F7556}") = "azureFareTypes.Sender", "azureFareTypes.Sender.csproj", "{560923FB-3FCA-4F4D-AB21-7D53019B4039}"
EndProject
Global
	GlobalSection(SolutionConfigurationPlatforms) = preSolution
		Debug|Any CPU = Debug|Any CPU
		Release|Any CPU = Release|Any CPU
	EndGlobalSection
	GlobalSection(ProjectConfigurationPlatforms) = postSolution
		{560923FB-3FCA-4F4D-AB21-7D53019B4039}.Debug|Any CPU.ActiveCfg = Debug|Any CPU
		{560923FB-3FCA-4F4D-AB21-7D53019B4039}.Debug|Any CPU.Build.0 = Debug|Any CPU
		{560923FB-3FCA-4F4D-AB21-7D53019B4039}.Release|Any CPU.ActiveCfg = Release|Any CPU
		{560923FB-3FCA-4F4D-AB21-7D53019B4039}.Release|Any CPU.Build.0 = Release|Any CPU
	EndGlobalSection
	GlobalSection(SolutionProperties) = preSolution
		HideSolutionNode = FALSE
	EndGlobalSection
	GlobalSection(ExtensibilityGlobals) = postSolution
		SolutionGuid = {5FD209A6-F8E6-450D-87C1-2650E95070D7}
	EndGlobalSection
EndGlobal
